// !$*UTF8*$!
{
	archiveVersion = 1;
	classes = {
	};
	objectVersion = 46;
	objects = {

/* Begin PBXBuildFile section */
		756A275A1EAFB22F00B24365 /* AppDelegate.swift in Sources */ = {isa = PBXBuildFile; fileRef = 756A27591EAFB22F00B24365 /* AppDelegate.swift */; };
		756A275C1EAFB22F00B24365 /* ViewController.swift in Sources */ = {isa = PBXBuildFile; fileRef = 756A275B1EAFB22F00B24365 /* ViewController.swift */; };
		756A275F1EAFB22F00B24365 /* Main.storyboard in Resources */ = {isa = PBXBuildFile; fileRef = 756A275D1EAFB22F00B24365 /* Main.storyboard */; };
		756A27621EAFB22F00B24365 /* simpleCoreData.xcdatamodeld in Sources */ = {isa = PBXBuildFile; fileRef = 756A27601EAFB22F00B24365 /* simpleCoreData.xcdatamodeld */; };
		756A27641EAFB22F00B24365 /* Assets.xcassets in Resources */ = {isa = PBXBuildFile; fileRef = 756A27631EAFB22F00B24365 /* Assets.xcassets */; };
		756A27671EAFB22F00B24365 /* LaunchScreen.storyboard in Resources */ = {isa = PBXBuildFile; fileRef = 756A27651EAFB22F00B24365 /* LaunchScreen.storyboard */; };
/* End PBXBuildFile section */

/* Begin PBXFileReference section */
		756A27561EAFB22F00B24365 /* simpleCoreData.app */ = {isa = PBXFileReference; explicitFileType = wrapper.application; includeInIndex = 0; path = simpleCoreData.app; sourceTree = BUILT_PRODUCTS_DIR; };
		756A27591EAFB22F00B24365 /* AppDelegate.swift */ = {isa = PBXFileReference; lastKnownFileType = sourcecode.swift; path = AppDelegate.swift; sourceTree = "<group>"; };
		756A275B1EAFB22F00B24365 /* ViewController.swift */ = {isa = PBXFileReference; lastKnownFileType = sourcecode.swift; path = ViewController.swift; sourceTree = "<group>"; };
		756A275E1EAFB22F00B24365 /* Base */ = {isa = PBXFileReference; lastKnownFileType = file.storyboard; name = Base; path = Base.lproj/Main.storyboard; sourceTree = "<group>"; };
		756A27611EAFB22F00B24365 /* simpleCoreData.xcdatamodel */ = {isa = PBXFileReference; lastKnownFileType = wrapper.xcdatamodel; path = simpleCoreData.xcdatamodel; sourceTree = "<group>"; };
		756A27631EAFB22F00B24365 /* Assets.xcassets */ = {isa = PBXFileReference; lastKnownFileType = folder.assetcatalog; path = Assets.xcassets; sourceTree = "<group>"; };
		756A27661EAFB22F00B24365 /* Base */ = {isa = PBXFileReference; lastKnownFileType = file.storyboard; name = Base; path = Base.lproj/LaunchScreen.storyboard; sourceTree = "<group>"; };
		756A27681EAFB22F00B24365 /* Info.plist */ = {isa = PBXFileReference; lastKnownFileType = text.plist.xml; path = Info.plist; sourceTree = "<group>"; };
/* End PBXFileReference section */

/* Begin PBXFrameworksBuildPhase section */
		756A27531EAFB22F00B24365 /* Frameworks */ = {
			isa = PBXFrameworksBuildPhase;
			buildActionMask = 2147483647;
			files = (
			);
			runOnlyForDeploymentPostprocessing = 0;
		};
/* End PBXFrameworksBuildPhase section */

/* Begin PBXGroup section */
		756A274D1EAFB22F00B24365 = {
			isa = PBXGroup;
			children = (
				756A27581EAFB22F00B24365 /* simpleCoreData */,
				756A27571EAFB22F00B24365 /* Products */,
			);
			sourceTree = "<group>";
		};
		756A27571EAFB22F00B24365 /* Products */ = {
			isa = PBXGroup;
			children = (
				756A27561EAFB22F00B24365 /* simpleCoreData.app */,
			);
			name = Products;
			sourceTree = "<group>";
		};
		756A27581EAFB22F00B24365 /* simpleCoreData */ = {
			isa = PBXGroup;
			children = (
				756A27591EAFB22F00B24365 /* AppDelegate.swift */,
				756A275B1EAFB22F00B24365 /* ViewController.swift */,
				756A275D1EAFB22F00B24365 /* Main.storyboard */,
				756A27631EAFB22F00B24365 /* Assets.xcassets */,
				756A27651EAFB22F00B24365 /* LaunchScreen.storyboard */,
				756A27681EAFB22F00B24365 /* Info.plist */,
				756A27601EAFB22F00B24365 /* simpleCoreData.xcdatamodeld */,
			);
			path = simpleCoreData;
			sourceTree = "<group>";
		};
/* End PBXGroup section */

/* Begin PBXNativeTarget section */
		756A27551EAFB22F00B24365 /* simpleCoreData */ = {
			isa = PBXNativeTarget;
			buildConfigurationList = 756A276B1EAFB22F00B24365 /* Build configuration list for PBXNativeTarget "simpleCoreData" */;
			buildPhases = (
				756A27521EAFB22F00B24365 /* Sources */,
				756A27531EAFB22F00B24365 /* Frameworks */,
				756A27541EAFB22F00B24365 /* Resources */,
			);
			buildRules = (
			);
			dependencies = (
			);
			name = simpleCoreData;
			productName = simpleCoreData;
			productReference = 756A27561EAFB22F00B24365 /* simpleCoreData.app */;
			productType = "com.apple.product-type.application";
		};
/* End PBXNativeTarget section */

/* Begin PBXProject section */
		756A274E1EAFB22F00B24365 /* Project object */ = {
			isa = PBXProject;
			attributes = {
				LastSwiftUpdateCheck = 0820;
				LastUpgradeCheck = 0820;
				ORGANIZATIONNAME = uhcl;
				TargetAttributes = {
					756A27551EAFB22F00B24365 = {
						CreatedOnToolsVersion = 8.2.1;
						ProvisioningStyle = Automatic;
					};
				};
			};
			buildConfigurationList = 756A27511EAFB22F00B24365 /* Build configuration list for PBXProject "simpleCoreData" */;
			compatibilityVersion = "Xcode 3.2";
			developmentRegion = English;
			hasScannedForEncodings = 0;
			knownRegions = (
				en,
				Base,
			);
			mainGroup = 756A274D1EAFB22F00B24365;
			productRefGroup = 756A27571EAFB22F00B24365 /* Products */;
			projectDirPath = "";
			projectRoot = "";
			targets = (
				756A27551EAFB22F00B24365 /* simpleCoreData */,
			);
		};
/* End PBXProject section */

/* Begin PBXResourcesBuildPhase section */
		756A27541EAFB22F00B24365 /* Resources */ = {
			isa = PBXResourcesBuildPhase;
			buildActionMask = 2147483647;
			files = (
				756A27671EAFB22F00B24365 /* LaunchScreen.storyboard in Resources */,
				756A27641EAFB22F00B24365 /* Assets.xcassets in Resources */,
				756A275F1EAFB22F00B24365 /* Main.storyboard in Resources */,
			);
			runOnlyForDeploymentPostprocessing = 0;
		};
/* End PBXResourcesBuildPhase section */

/* Begin PBXSourcesBuildPhase section */
		756A27521EAFB22F00B24365 /* Sources */ = {
			isa = PBXSourcesBuildPhase;
			buildActionMask = 2147483647;
			files = (
				756A27621EAFB22F00B24365 /* simpleCoreData.xcdatamodeld in Sources */,
				756A275C1EAFB22F00B24365 /* ViewController.swift in Sources */,
				756A275A1EAFB22F00B24365 /* AppDelegate.swift in Sources */,
			);
			runOnlyForDeploymentPostprocessing = 0;
		};
/* End PBXSourcesBuildPhase section */

/* Begin PBXVariantGroup section */
		756A275D1EAFB22F00B24365 /* Main.storyboard */ = {
			isa = PBXVariantGroup;
			children = (
				756A275E1EAFB22F00B24365 /* Base */,
			);
			name = Main.storyboard;
			sourceTree = "<group>";
		};
		756A27651EAFB22F00B24365 /* LaunchScreen.storyboard */ = {
			isa = PBXVariantGroup;
			children = (
				756A27661EAFB22F00B24365 /* Base */,
			);
			name = LaunchScreen.storyboard;
			sourceTree = "<group>";
		};
/* End PBXVariantGroup section */

/* Begin XCBuildConfiguration section */
		756A27691EAFB22F00B24365 /* Debug */ = {
			isa = XCBuildConfiguration;
			buildSettings = {
				ALWAYS_SEARCH_USER_PATHS = NO;
				CLANG_ANALYZER_NONNULL = YES;
				CLANG_CXX_LANGUAGE_STANDARD = "gnu++0x";
				CLANG_CXX_LIBRARY = "libc++";
				CLANG_ENABLE_MODULES = YES;
				CLANG_ENABLE_OBJC_ARC = YES;
				CLANG_WARN_BOOL_CONVERSION = YES;
				CLANG_WARN_CONSTANT_CONVERSION = YES;
				CLANG_WARN_DIRECT_OBJC_ISA_USAGE = YES_ERROR;
				CLANG_WARN_DOCUMENTATION_COMMENTS = YES;
				CLANG_WARN_EMPTY_BODY = YES;
				CLANG_WARN_ENUM_CONVERSION = YES;
				CLANG_WARN_INFINITE_RECURSION = YES;
				CLANG_WARN_INT_CONVERSION = YES;
				CLANG_WARN_OBJC_ROOT_CLASS = YES_ERROR;
				CLANG_WARN_SUSPICIOUS_MOVE = YES;
				CLANG_WARN_UNREACHABLE_CODE = YES;
				CLANG_WARN__DUPLICATE_METHOD_MATCH = YES;
				"CODE_SIGN_IDENTITY[sdk=iphoneos*]" = "iPhone Developer";
				COPY_PHASE_STRIP = NO;
				DEBUG_INFORMATION_FORMAT = dwarf;
				ENABLE_STRICT_OBJC_MSGSEND = YES;
				ENABLE_TESTABILITY = YES;
				GCC_C_LANGUAGE_STANDARD = gnu99;
				GCC_DYNAMIC_NO_PIC = NO;
				GCC_NO_COMMON_BLOCKS = YES;
				GCC_OPTIMIZATION_LEVEL = 0;
				GCC_PREPROCESSOR_DEFINITIONS = (
					"DEBUG=1",
					"$(inherited)",
				);
				GCC_WARN_64_TO_32_BIT_CONVERSION = YES;
				GCC_WARN_ABOUT_RETURN_TYPE = YES_ERROR;
				GCC_WARN_UNDECLARED_SELECTOR = YES;
				GCC_WARN_UNINITIALIZED_AUTOS = YES_AGGRESSIVE;
				GCC_WARN_UNUSED_FUNCTION = YES;
				GCC_WARN_UNUSED_VARIABLE = YES;
				IPHONEOS_DEPLOYMENT_TARGET = 10.2;
				MTL_ENABLE_DEBUG_INFO = YES;
				ONLY_ACTIVE_ARCH = YES;
				SDKROOT = iphoneos;
				SWIFT_ACTIVE_COMPILATION_CONDITIONS = DEBUG;
				SWIFT_OPTIMIZATION_LEVEL = "-Onone";
				TARGETED_DEVICE_FAMILY = "1,2";
			};
			name = Debug;
		};
		756A276A1EAFB22F00B24365 /* Release */ = {
			isa = XCBuildConfiguration;
			buildSettings = {
				ALWAYS_SEARCH_USER_PATHS = NO;
				CLANG_ANALYZER_NONNULL = YES;
				CLANG_CXX_LANGUAGE_STANDARD = "gnu++0x";
				CLANG_CXX_LIBRARY = "libc++";
				CLANG_ENABLE_MODULES = YES;
				CLANG_ENABLE_OBJC_ARC = YES;
				CLANG_WARN_BOOL_CONVERSION = YES;
				CLANG_WARN_CONSTANT_CONVERSION = YES;
				CLANG_WARN_DIRECT_OBJC_ISA_USAGE = YES_ERROR;
				CLANG_WARN_DOCUMENTATION_COMMENTS = YES;
				CLANG_WARN_EMPTY_BODY = YES;
				CLANG_WARN_ENUM_CONVERSION = YES;
				CLANG_WARN_INFINITE_RECURSION = YES;
				CLANG_WARN_INT_CONVERSION = YES;
				CLANG_WARN_OBJC_ROOT_CLASS = YES_ERROR;
				CLANG_WARN_SUSPICIOUS_MOVE = YES;
				CLANG_WARN_UNREACHABLE_CODE = YES;
				CLANG_WARN__DUPLICATE_METHOD_MATCH = YES;
				"CODE_SIGN_IDENTITY[sdk=iphoneos*]" = "iPhone Developer";
				COPY_PHASE_STRIP = NO;
				DEBUG_INFORMATION_FORMAT = "dwarf-with-dsym";
				ENABLE_NS_ASSERTIONS = NO;
				ENABLE_STRICT_OBJC_MSGSEND = YES;
				GCC_C_LANGUAGE_STANDARD = gnu99;
				GCC_NO_COMMON_BLOCKS = YES;
				GCC_WARN_64_TO_32_BIT_CONVERSION = YES;
				GCC_WARN_ABOUT_RETURN_TYPE = YES_ERROR;
				GCC_WARN_UNDECLARED_SELECTOR = YES;
				GCC_WARN_UNINITIALIZED_AUTOS = YES_AGGRESSIVE;
				GCC_WARN_UNUSED_FUNCTION = YES;
				GCC_WARN_UNUSED_VARIABLE = YES;
				IPHONEOS_DEPLOYMENT_TARGET = 10.2;
				MTL_ENABLE_DEBUG_INFO = NO;
				SDKROOT = iphoneos;
				SWIFT_OPTIMIZATION_LEVEL = "-Owholemodule";
				TARGETED_DEVICE_FAMILY = "1,2";
				VALIDATE_PRODUCT = YES;
			};
			name = Release;
		};
		756A276C1EAFB22F00B24365 /* Debug */ = {
			isa = XCBuildConfiguration;
			buildSettings = {
				ASSETCATALOG_COMPILER_APPICON_NAME = AppIcon;
				INFOPLIST_FILE = simpleCoreData/Info.plist;
				LD_RUNPATH_SEARCH_PATHS = "$(inherited) @executable_path/Frameworks";
				PRODUCT_BUNDLE_IDENTIFIER = io.github.gopinathnelluri.simpleCoreData;
				PRODUCT_NAME = "$(TARGET_NAME)";
				SWIFT_VERSION = 3.0;
			};
			name = Debug;
		};
		756A276D1EAFB22F00B24365 /* Release */ = {
			isa = XCBuildConfiguration;
			buildSettings = {
				ASSETCATALOG_COMPILER_APPICON_NAME = AppIcon;
				INFOPLIST_FILE = simpleCoreData/Info.plist;
				LD_RUNPATH_SEARCH_PATHS = "$(inherited) @executable_path/Frameworks";
				PRODUCT_BUNDLE_IDENTIFIER = io.github.gopinathnelluri.simpleCoreData;
				PRODUCT_NAME = "$(TARGET_NAME)";
				SWIFT_VERSION = 3.0;
			};
			name = Release;
		};
/* End XCBuildConfiguration section */

/* Begin XCConfigurationList section */
		756A27511EAFB22F00B24365 /* Build configuration list for PBXProject "simpleCoreData" */ = {
			isa = XCConfigurationList;
			buildConfigurations = (
				756A27691EAFB22F00B24365 /* Debug */,
				756A276A1EAFB22F00B24365 /* Release */,
			);
			defaultConfigurationIsVisible = 0;
			defaultConfigurationName = Release;
		};
		756A276B1EAFB22F00B24365 /* Build configuration list for PBXNativeTarget "simpleCoreData" */ = {
			isa = XCConfigurationList;
			buildConfigurations = (
				756A276C1EAFB22F00B24365 /* Debug */,
				756A276D1EAFB22F00B24365 /* Release */,
			);
			defaultConfigurationIsVisible = 0;
		};
/* End XCConfigurationList section */

/* Begin XCVersionGroup section */
		756A27601EAFB22F00B24365 /* simpleCoreData.xcdatamodeld */ = {
			isa = XCVersionGroup;
			children = (
				756A27611EAFB22F00B24365 /* simpleCoreData.xcdatamodel */,
			);
			currentVersion = 756A27611EAFB22F00B24365 /* simpleCoreData.xcdatamodel */;
			path = simpleCoreData.xcdatamodeld;
			sourceTree = "<group>";
			versionGroupType = wrapper.xcdatamodel;
		};
/* End XCVersionGroup section */
	};
	rootObject = 756A274E1EAFB22F00B24365 /* Project object */;
}
