// !$*UTF8*$!
{
	archiveVersion = 1;
	classes = {
	};
	objectVersion = 46;
	objects = {

/* Begin PBXBuildFile section */
		752F376E1EA67A4200D7778F /* AppDelegate.swift in Sources */ = {isa = PBXBuildFile; fileRef = 752F376D1EA67A4200D7778F /* AppDelegate.swift */; };
		752F37701EA67A4200D7778F /* ViewController.swift in Sources */ = {isa = PBXBuildFile; fileRef = 752F376F1EA67A4200D7778F /* ViewController.swift */; };
		752F37731EA67A4200D7778F /* Main.storyboard in Resources */ = {isa = PBXBuildFile; fileRef = 752F37711EA67A4200D7778F /* Main.storyboard */; };
		752F37751EA67A4200D7778F /* Assets.xcassets in Resources */ = {isa = PBXBuildFile; fileRef = 752F37741EA67A4200D7778F /* Assets.xcassets */; };
		752F37781EA67A4200D7778F /* LaunchScreen.storyboard in Resources */ = {isa = PBXBuildFile; fileRef = 752F37761EA67A4200D7778F /* LaunchScreen.storyboard */; };
		752F37811EA67C6100D7778F /* MapKit.framework in Frameworks */ = {isa = PBXBuildFile; fileRef = 752F37801EA67C6100D7778F /* MapKit.framework */; };
/* End PBXBuildFile section */

/* Begin PBXFileReference section */
		752F376A1EA67A4200D7778F /* showMap.app */ = {isa = PBXFileReference; explicitFileType = wrapper.application; includeInIndex = 0; path = showMap.app; sourceTree = BUILT_PRODUCTS_DIR; };
		752F376D1EA67A4200D7778F /* AppDelegate.swift */ = {isa = PBXFileReference; lastKnownFileType = sourcecode.swift; path = AppDelegate.swift; sourceTree = "<group>"; };
		752F376F1EA67A4200D7778F /* ViewController.swift */ = {isa = PBXFileReference; lastKnownFileType = sourcecode.swift; path = ViewController.swift; sourceTree = "<group>"; };
		752F37721EA67A4200D7778F /* Base */ = {isa = PBXFileReference; lastKnownFileType = file.storyboard; name = Base; path = Base.lproj/Main.storyboard; sourceTree = "<group>"; };
		752F37741EA67A4200D7778F /* Assets.xcassets */ = {isa = PBXFileReference; lastKnownFileType = folder.assetcatalog; path = Assets.xcassets; sourceTree = "<group>"; };
		752F37771EA67A4200D7778F /* Base */ = {isa = PBXFileReference; lastKnownFileType = file.storyboard; name = Base; path = Base.lproj/LaunchScreen.storyboard; sourceTree = "<group>"; };
		752F37791EA67A4200D7778F /* Info.plist */ = {isa = PBXFileReference; lastKnownFileType = text.plist.xml; path = Info.plist; sourceTree = "<group>"; };
		752F37801EA67C6100D7778F /* MapKit.framework */ = {isa = PBXFileReference; lastKnownFileType = wrapper.framework; name = MapKit.framework; path = System/Library/Frameworks/MapKit.framework; sourceTree = SDKROOT; };
/* End PBXFileReference section */

/* Begin PBXFrameworksBuildPhase section */
		752F37671EA67A4200D7778F /* Frameworks */ = {
			isa = PBXFrameworksBuildPhase;
			buildActionMask = 2147483647;
			files = (
				752F37811EA67C6100D7778F /* MapKit.framework in Frameworks */,
			);
			runOnlyForDeploymentPostprocessing = 0;
		};
/* End PBXFrameworksBuildPhase section */

/* Begin PBXGroup section */
		752F37611EA67A4200D7778F = {
			isa = PBXGroup;
			children = (
				752F376C1EA67A4200D7778F /* showMap */,
				752F376B1EA67A4200D7778F /* Products */,
				752F377F1EA67C6100D7778F /* Frameworks */,
			);
			sourceTree = "<group>";
		};
		752F376B1EA67A4200D7778F /* Products */ = {
			isa = PBXGroup;
			children = (
				752F376A1EA67A4200D7778F /* showMap.app */,
			);
			name = Products;
			sourceTree = "<group>";
		};
		752F376C1EA67A4200D7778F /* showMap */ = {
			isa = PBXGroup;
			children = (
				752F376D1EA67A4200D7778F /* AppDelegate.swift */,
				752F376F1EA67A4200D7778F /* ViewController.swift */,
				752F37711EA67A4200D7778F /* Main.storyboard */,
				752F37741EA67A4200D7778F /* Assets.xcassets */,
				752F37761EA67A4200D7778F /* LaunchScreen.storyboard */,
				752F37791EA67A4200D7778F /* Info.plist */,
			);
			path = showMap;
			sourceTree = "<group>";
		};
		752F377F1EA67C6100D7778F /* Frameworks */ = {
			isa = PBXGroup;
			children = (
				752F37801EA67C6100D7778F /* MapKit.framework */,
			);
			name = Frameworks;
			sourceTree = "<group>";
		};
/* End PBXGroup section */

/* Begin PBXNativeTarget section */
		752F37691EA67A4200D7778F /* showMap */ = {
			isa = PBXNativeTarget;
			buildConfigurationList = 752F377C1EA67A4200D7778F /* Build configuration list for PBXNativeTarget "showMap" */;
			buildPhases = (
				752F37661EA67A4200D7778F /* Sources */,
				752F37671EA67A4200D7778F /* Frameworks */,
				752F37681EA67A4200D7778F /* Resources */,
			);
			buildRules = (
			);
			dependencies = (
			);
			name = showMap;
			productName = showMap;
			productReference = 752F376A1EA67A4200D7778F /* showMap.app */;
			productType = "com.apple.product-type.application";
		};
/* End PBXNativeTarget section */

/* Begin PBXProject section */
		752F37621EA67A4200D7778F /* Project object */ = {
			isa = PBXProject;
			attributes = {
				LastSwiftUpdateCheck = 0820;
				LastUpgradeCheck = 0820;
				ORGANIZATIONNAME = uhcl;
				TargetAttributes = {
					752F37691EA67A4200D7778F = {
						CreatedOnToolsVersion = 8.2.1;
						ProvisioningStyle = Automatic;
					};
				};
			};
			buildConfigurationList = 752F37651EA67A4200D7778F /* Build configuration list for PBXProject "showMap" */;
			compatibilityVersion = "Xcode 3.2";
			developmentRegion = English;
			hasScannedForEncodings = 0;
			knownRegions = (
				en,
				Base,
			);
			mainGroup = 752F37611EA67A4200D7778F;
			productRefGroup = 752F376B1EA67A4200D7778F /* Products */;
			projectDirPath = "";
			projectRoot = "";
			targets = (
				752F37691EA67A4200D7778F /* showMap */,
			);
		};
/* End PBXProject section */

/* Begin PBXResourcesBuildPhase section */
		752F37681EA67A4200D7778F /* Resources */ = {
			isa = PBXResourcesBuildPhase;
			buildActionMask = 2147483647;
			files = (
				752F37781EA67A4200D7778F /* LaunchScreen.storyboard in Resources */,
				752F37751EA67A4200D7778F /* Assets.xcassets in Resources */,
				752F37731EA67A4200D7778F /* Main.storyboard in Resources */,
			);
			runOnlyForDeploymentPostprocessing = 0;
		};
/* End PBXResourcesBuildPhase section */

/* Begin PBXSourcesBuildPhase section */
		752F37661EA67A4200D7778F /* Sources */ = {
			isa = PBXSourcesBuildPhase;
			buildActionMask = 2147483647;
			files = (
				752F37701EA67A4200D7778F /* ViewController.swift in Sources */,
				752F376E1EA67A4200D7778F /* AppDelegate.swift in Sources */,
			);
			runOnlyForDeploymentPostprocessing = 0;
		};
/* End PBXSourcesBuildPhase section */

/* Begin PBXVariantGroup section */
		752F37711EA67A4200D7778F /* Main.storyboard */ = {
			isa = PBXVariantGroup;
			children = (
				752F37721EA67A4200D7778F /* Base */,
			);
			name = Main.storyboard;
			sourceTree = "<group>";
		};
		752F37761EA67A4200D7778F /* LaunchScreen.storyboard */ = {
			isa = PBXVariantGroup;
			children = (
				752F37771EA67A4200D7778F /* Base */,
			);
			name = LaunchScreen.storyboard;
			sourceTree = "<group>";
		};
/* End PBXVariantGroup section */

/* Begin XCBuildConfiguration section */
		752F377A1EA67A4200D7778F /* Debug */ = {
			isa = XCBuildConfiguration;
			buildSettings = {
				ALWAYS_SEARCH_USER_PATHS = NO;
				CLANG_ANALYZER_NONNULL = YES;
				CLANG_CXX_LANGUAGE_STANDARD = "gnu++0x";
				CLANG_CXX_LIBRARY = "libc++";
				CLANG_ENABLE_MODULES = YES;
				CLANG_ENABLE_OBJC_ARC = YES;
				CLANG_WARN_BOOL_CONVERSION = YES;
				CLANG_WARN_CONSTANT_CONVERSION = YES;
				CLANG_WARN_DIRECT_OBJC_ISA_USAGE = YES_ERROR;
				CLANG_WARN_DOCUMENTATION_COMMENTS = YES;
				CLANG_WARN_EMPTY_BODY = YES;
				CLANG_WARN_ENUM_CONVERSION = YES;
				CLANG_WARN_INFINITE_RECURSION = YES;
				CLANG_WARN_INT_CONVERSION = YES;
				CLANG_WARN_OBJC_ROOT_CLASS = YES_ERROR;
				CLANG_WARN_SUSPICIOUS_MOVE = YES;
				CLANG_WARN_UNREACHABLE_CODE = YES;
				CLANG_WARN__DUPLICATE_METHOD_MATCH = YES;
				"CODE_SIGN_IDENTITY[sdk=iphoneos*]" = "iPhone Developer";
				COPY_PHASE_STRIP = NO;
				DEBUG_INFORMATION_FORMAT = dwarf;
				ENABLE_STRICT_OBJC_MSGSEND = YES;
				ENABLE_TESTABILITY = YES;
				GCC_C_LANGUAGE_STANDARD = gnu99;
				GCC_DYNAMIC_NO_PIC = NO;
				GCC_NO_COMMON_BLOCKS = YES;
				GCC_OPTIMIZATION_LEVEL = 0;
				GCC_PREPROCESSOR_DEFINITIONS = (
					"DEBUG=1",
					"$(inherited)",
				);
				GCC_WARN_64_TO_32_BIT_CONVERSION = YES;
				GCC_WARN_ABOUT_RETURN_TYPE = YES_ERROR;
				GCC_WARN_UNDECLARED_SELECTOR = YES;
				GCC_WARN_UNINITIALIZED_AUTOS = YES_AGGRESSIVE;
				GCC_WARN_UNUSED_FUNCTION = YES;
				GCC_WARN_UNUSED_VARIABLE = YES;
				IPHONEOS_DEPLOYMENT_TARGET = 10.2;
				MTL_ENABLE_DEBUG_INFO = YES;
				ONLY_ACTIVE_ARCH = YES;
				SDKROOT = iphoneos;
				SWIFT_ACTIVE_COMPILATION_CONDITIONS = DEBUG;
				SWIFT_OPTIMIZATION_LEVEL = "-Onone";
				TARGETED_DEVICE_FAMILY = "1,2";
			};
			name = Debug;
		};
		752F377B1EA67A4200D7778F /* Release */ = {
			isa = XCBuildConfiguration;
			buildSettings = {
				ALWAYS_SEARCH_USER_PATHS = NO;
				CLANG_ANALYZER_NONNULL = YES;
				CLANG_CXX_LANGUAGE_STANDARD = "gnu++0x";
				CLANG_CXX_LIBRARY = "libc++";
				CLANG_ENABLE_MODULES = YES;
				CLANG_ENABLE_OBJC_ARC = YES;
				CLANG_WARN_BOOL_CONVERSION = YES;
				CLANG_WARN_CONSTANT_CONVERSION = YES;
				CLANG_WARN_DIRECT_OBJC_ISA_USAGE = YES_ERROR;
				CLANG_WARN_DOCUMENTATION_COMMENTS = YES;
				CLANG_WARN_EMPTY_BODY = YES;
				CLANG_WARN_ENUM_CONVERSION = YES;
				CLANG_WARN_INFINITE_RECURSION = YES;
				CLANG_WARN_INT_CONVERSION = YES;
				CLANG_WARN_OBJC_ROOT_CLASS = YES_ERROR;
				CLANG_WARN_SUSPICIOUS_MOVE = YES;
				CLANG_WARN_UNREACHABLE_CODE = YES;
				CLANG_WARN__DUPLICATE_METHOD_MATCH = YES;
				"CODE_SIGN_IDENTITY[sdk=iphoneos*]" = "iPhone Developer";
				COPY_PHASE_STRIP = NO;
				DEBUG_INFORMATION_FORMAT = "dwarf-with-dsym";
				ENABLE_NS_ASSERTIONS = NO;
				ENABLE_STRICT_OBJC_MSGSEND = YES;
				GCC_C_LANGUAGE_STANDARD = gnu99;
				GCC_NO_COMMON_BLOCKS = YES;
				GCC_WARN_64_TO_32_BIT_CONVERSION = YES;
				GCC_WARN_ABOUT_RETURN_TYPE = YES_ERROR;
				GCC_WARN_UNDECLARED_SELECTOR = YES;
				GCC_WARN_UNINITIALIZED_AUTOS = YES_AGGRESSIVE;
				GCC_WARN_UNUSED_FUNCTION = YES;
				GCC_WARN_UNUSED_VARIABLE = YES;
				IPHONEOS_DEPLOYMENT_TARGET = 10.2;
				MTL_ENABLE_DEBUG_INFO = NO;
				SDKROOT = iphoneos;
				SWIFT_OPTIMIZATION_LEVEL = "-Owholemodule";
				TARGETED_DEVICE_FAMILY = "1,2";
				VALIDATE_PRODUCT = YES;
			};
			name = Release;
		};
		752F377D1EA67A4200D7778F /* Debug */ = {
			isa = XCBuildConfiguration;
			buildSettings = {
				ASSETCATALOG_COMPILER_APPICON_NAME = AppIcon;
				INFOPLIST_FILE = showMap/Info.plist;
				LD_RUNPATH_SEARCH_PATHS = "$(inherited) @executable_path/Frameworks";
				PRODUCT_BUNDLE_IDENTIFIER = io.github.gopinathnelluri.showMap;
				PRODUCT_NAME = "$(TARGET_NAME)";
				SWIFT_VERSION = 3.0;
			};
			name = Debug;
		};
		752F377E1EA67A4200D7778F /* Release */ = {
			isa = XCBuildConfiguration;
			buildSettings = {
				ASSETCATALOG_COMPILER_APPICON_NAME = AppIcon;
				INFOPLIST_FILE = showMap/Info.plist;
				LD_RUNPATH_SEARCH_PATHS = "$(inherited) @executable_path/Frameworks";
				PRODUCT_BUNDLE_IDENTIFIER = io.github.gopinathnelluri.showMap;
				PRODUCT_NAME = "$(TARGET_NAME)";
				SWIFT_VERSION = 3.0;
			};
			name = Release;
		};
/* End XCBuildConfiguration section */

/* Begin XCConfigurationList section */
		752F37651EA67A4200D7778F /* Build configuration list for PBXProject "showMap" */ = {
			isa = XCConfigurationList;
			buildConfigurations = (
				752F377A1EA67A4200D7778F /* Debug */,
				752F377B1EA67A4200D7778F /* Release */,
			);
			defaultConfigurationIsVisible = 0;
			defaultConfigurationName = Release;
		};
		752F377C1EA67A4200D7778F /* Build configuration list for PBXNativeTarget "showMap" */ = {
			isa = XCConfigurationList;
			buildConfigurations = (
				752F377D1EA67A4200D7778F /* Debug */,
				752F377E1EA67A4200D7778F /* Release */,
			);
			defaultConfigurationIsVisible = 0;
		};
/* End XCConfigurationList section */
	};
	rootObject = 752F37621EA67A4200D7778F /* Project object */;
}
