// !$*UTF8*$!
{
	archiveVersion = 1;
	classes = {
	};
	objectVersion = 46;
	objects = {

/* Begin PBXBuildFile section */
		756A277B1EAFBA3000B24365 /* AppDelegate.swift in Sources */ = {isa = PBXBuildFile; fileRef = 756A277A1EAFBA3000B24365 /* AppDelegate.swift */; };
		756A277D1EAFBA3000B24365 /* ViewController.swift in Sources */ = {isa = PBXBuildFile; fileRef = 756A277C1EAFBA3000B24365 /* ViewController.swift */; };
		756A27801EAFBA3000B24365 /* Main.storyboard in Resources */ = {isa = PBXBuildFile; fileRef = 756A277E1EAFBA3000B24365 /* Main.storyboard */; };
		756A27821EAFBA3000B24365 /* Assets.xcassets in Resources */ = {isa = PBXBuildFile; fileRef = 756A27811EAFBA3000B24365 /* Assets.xcassets */; };
		756A27851EAFBA3000B24365 /* LaunchScreen.storyboard in Resources */ = {isa = PBXBuildFile; fileRef = 756A27831EAFBA3000B24365 /* LaunchScreen.storyboard */; };
		756A278D1EAFBAE100B24365 /* FaceView.swift in Sources */ = {isa = PBXBuildFile; fileRef = 756A278C1EAFBAE100B24365 /* FaceView.swift */; };
/* End PBXBuildFile section */

/* Begin PBXFileReference section */
		756A27771EAFBA3000B24365 /* happySp2017.app */ = {isa = PBXFileReference; explicitFileType = wrapper.application; includeInIndex = 0; path = happySp2017.app; sourceTree = BUILT_PRODUCTS_DIR; };
		756A277A1EAFBA3000B24365 /* AppDelegate.swift */ = {isa = PBXFileReference; lastKnownFileType = sourcecode.swift; path = AppDelegate.swift; sourceTree = "<group>"; };
		756A277C1EAFBA3000B24365 /* ViewController.swift */ = {isa = PBXFileReference; lastKnownFileType = sourcecode.swift; path = ViewController.swift; sourceTree = "<group>"; };
		756A277F1EAFBA3000B24365 /* Base */ = {isa = PBXFileReference; lastKnownFileType = file.storyboard; name = Base; path = Base.lproj/Main.storyboard; sourceTree = "<group>"; };
		756A27811EAFBA3000B24365 /* Assets.xcassets */ = {isa = PBXFileReference; lastKnownFileType = folder.assetcatalog; path = Assets.xcassets; sourceTree = "<group>"; };
		756A27841EAFBA3000B24365 /* Base */ = {isa = PBXFileReference; lastKnownFileType = file.storyboard; name = Base; path = Base.lproj/LaunchScreen.storyboard; sourceTree = "<group>"; };
		756A27861EAFBA3000B24365 /* Info.plist */ = {isa = PBXFileReference; lastKnownFileType = text.plist.xml; path = Info.plist; sourceTree = "<group>"; };
		756A278C1EAFBAE100B24365 /* FaceView.swift */ = {isa = PBXFileReference; fileEncoding = 4; lastKnownFileType = sourcecode.swift; path = FaceView.swift; sourceTree = "<group>"; };
/* End PBXFileReference section */

/* Begin PBXFrameworksBuildPhase section */
		756A27741EAFBA3000B24365 /* Frameworks */ = {
			isa = PBXFrameworksBuildPhase;
			buildActionMask = 2147483647;
			files = (
			);
			runOnlyForDeploymentPostprocessing = 0;
		};
/* End PBXFrameworksBuildPhase section */

/* Begin PBXGroup section */
		756A276E1EAFBA3000B24365 = {
			isa = PBXGroup;
			children = (
				756A27791EAFBA3000B24365 /* happySp2017 */,
				756A27781EAFBA3000B24365 /* Products */,
			);
			sourceTree = "<group>";
		};
		756A27781EAFBA3000B24365 /* Products */ = {
			isa = PBXGroup;
			children = (
				756A27771EAFBA3000B24365 /* happySp2017.app */,
			);
			name = Products;
			sourceTree = "<group>";
		};
		756A27791EAFBA3000B24365 /* happySp2017 */ = {
			isa = PBXGroup;
			children = (
				756A277A1EAFBA3000B24365 /* AppDelegate.swift */,
				756A277C1EAFBA3000B24365 /* ViewController.swift */,
				756A277E1EAFBA3000B24365 /* Main.storyboard */,
				756A27811EAFBA3000B24365 /* Assets.xcassets */,
				756A27831EAFBA3000B24365 /* LaunchScreen.storyboard */,
				756A27861EAFBA3000B24365 /* Info.plist */,
				756A278C1EAFBAE100B24365 /* FaceView.swift */,
			);
			path = happySp2017;
			sourceTree = "<group>";
		};
/* End PBXGroup section */

/* Begin PBXNativeTarget section */
		756A27761EAFBA3000B24365 /* happySp2017 */ = {
			isa = PBXNativeTarget;
			buildConfigurationList = 756A27891EAFBA3000B24365 /* Build configuration list for PBXNativeTarget "happySp2017" */;
			buildPhases = (
				756A27731EAFBA3000B24365 /* Sources */,
				756A27741EAFBA3000B24365 /* Frameworks */,
				756A27751EAFBA3000B24365 /* Resources */,
			);
			buildRules = (
			);
			dependencies = (
			);
			name = happySp2017;
			productName = happySp2017;
			productReference = 756A27771EAFBA3000B24365 /* happySp2017.app */;
			productType = "com.apple.product-type.application";
		};
/* End PBXNativeTarget section */

/* Begin PBXProject section */
		756A276F1EAFBA3000B24365 /* Project object */ = {
			isa = PBXProject;
			attributes = {
				LastSwiftUpdateCheck = 0820;
				LastUpgradeCheck = 0820;
				ORGANIZATIONNAME = uhcl;
				TargetAttributes = {
					756A27761EAFBA3000B24365 = {
						CreatedOnToolsVersion = 8.2.1;
						ProvisioningStyle = Automatic;
					};
				};
			};
			buildConfigurationList = 756A27721EAFBA3000B24365 /* Build configuration list for PBXProject "happySp2017" */;
			compatibilityVersion = "Xcode 3.2";
			developmentRegion = English;
			hasScannedForEncodings = 0;
			knownRegions = (
				en,
				Base,
			);
			mainGroup = 756A276E1EAFBA3000B24365;
			productRefGroup = 756A27781EAFBA3000B24365 /* Products */;
			projectDirPath = "";
			projectRoot = "";
			targets = (
				756A27761EAFBA3000B24365 /* happySp2017 */,
			);
		};
/* End PBXProject section */

/* Begin PBXResourcesBuildPhase section */
		756A27751EAFBA3000B24365 /* Resources */ = {
			isa = PBXResourcesBuildPhase;
			buildActionMask = 2147483647;
			files = (
				756A27851EAFBA3000B24365 /* LaunchScreen.storyboard in Resources */,
				756A27821EAFBA3000B24365 /* Assets.xcassets in Resources */,
				756A27801EAFBA3000B24365 /* Main.storyboard in Resources */,
			);
			runOnlyForDeploymentPostprocessing = 0;
		};
/* End PBXResourcesBuildPhase section */

/* Begin PBXSourcesBuildPhase section */
		756A27731EAFBA3000B24365 /* Sources */ = {
			isa = PBXSourcesBuildPhase;
			buildActionMask = 2147483647;
			files = (
				756A277D1EAFBA3000B24365 /* ViewController.swift in Sources */,
				756A277B1EAFBA3000B24365 /* AppDelegate.swift in Sources */,
				756A278D1EAFBAE100B24365 /* FaceView.swift in Sources */,
			);
			runOnlyForDeploymentPostprocessing = 0;
		};
/* End PBXSourcesBuildPhase section */

/* Begin PBXVariantGroup section */
		756A277E1EAFBA3000B24365 /* Main.storyboard */ = {
			isa = PBXVariantGroup;
			children = (
				756A277F1EAFBA3000B24365 /* Base */,
			);
			name = Main.storyboard;
			sourceTree = "<group>";
		};
		756A27831EAFBA3000B24365 /* LaunchScreen.storyboard */ = {
			isa = PBXVariantGroup;
			children = (
				756A27841EAFBA3000B24365 /* Base */,
			);
			name = LaunchScreen.storyboard;
			sourceTree = "<group>";
		};
/* End PBXVariantGroup section */

/* Begin XCBuildConfiguration section */
		756A27871EAFBA3000B24365 /* Debug */ = {
			isa = XCBuildConfiguration;
			buildSettings = {
				ALWAYS_SEARCH_USER_PATHS = NO;
				CLANG_ANALYZER_NONNULL = YES;
				CLANG_CXX_LANGUAGE_STANDARD = "gnu++0x";
				CLANG_CXX_LIBRARY = "libc++";
				CLANG_ENABLE_MODULES = YES;
				CLANG_ENABLE_OBJC_ARC = YES;
				CLANG_WARN_BOOL_CONVERSION = YES;
				CLANG_WARN_CONSTANT_CONVERSION = YES;
				CLANG_WARN_DIRECT_OBJC_ISA_USAGE = YES_ERROR;
				CLANG_WARN_DOCUMENTATION_COMMENTS = YES;
				CLANG_WARN_EMPTY_BODY = YES;
				CLANG_WARN_ENUM_CONVERSION = YES;
				CLANG_WARN_INFINITE_RECURSION = YES;
				CLANG_WARN_INT_CONVERSION = YES;
				CLANG_WARN_OBJC_ROOT_CLASS = YES_ERROR;
				CLANG_WARN_SUSPICIOUS_MOVE = YES;
				CLANG_WARN_UNREACHABLE_CODE = YES;
				CLANG_WARN__DUPLICATE_METHOD_MATCH = YES;
				"CODE_SIGN_IDENTITY[sdk=iphoneos*]" = "iPhone Developer";
				COPY_PHASE_STRIP = NO;
				DEBUG_INFORMATION_FORMAT = dwarf;
				ENABLE_STRICT_OBJC_MSGSEND = YES;
				ENABLE_TESTABILITY = YES;
				GCC_C_LANGUAGE_STANDARD = gnu99;
				GCC_DYNAMIC_NO_PIC = NO;
				GCC_NO_COMMON_BLOCKS = YES;
				GCC_OPTIMIZATION_LEVEL = 0;
				GCC_PREPROCESSOR_DEFINITIONS = (
					"DEBUG=1",
					"$(inherited)",
				);
				GCC_WARN_64_TO_32_BIT_CONVERSION = YES;
				GCC_WARN_ABOUT_RETURN_TYPE = YES_ERROR;
				GCC_WARN_UNDECLARED_SELECTOR = YES;
				GCC_WARN_UNINITIALIZED_AUTOS = YES_AGGRESSIVE;
				GCC_WARN_UNUSED_FUNCTION = YES;
				GCC_WARN_UNUSED_VARIABLE = YES;
				IPHONEOS_DEPLOYMENT_TARGET = 10.2;
				MTL_ENABLE_DEBUG_INFO = YES;
				ONLY_ACTIVE_ARCH = YES;
				SDKROOT = iphoneos;
				SWIFT_ACTIVE_COMPILATION_CONDITIONS = DEBUG;
				SWIFT_OPTIMIZATION_LEVEL = "-Onone";
			};
			name = Debug;
		};
		756A27881EAFBA3000B24365 /* Release */ = {
			isa = XCBuildConfiguration;
			buildSettings = {
				ALWAYS_SEARCH_USER_PATHS = NO;
				CLANG_ANALYZER_NONNULL = YES;
				CLANG_CXX_LANGUAGE_STANDARD = "gnu++0x";
				CLANG_CXX_LIBRARY = "libc++";
				CLANG_ENABLE_MODULES = YES;
				CLANG_ENABLE_OBJC_ARC = YES;
				CLANG_WARN_BOOL_CONVERSION = YES;
				CLANG_WARN_CONSTANT_CONVERSION = YES;
				CLANG_WARN_DIRECT_OBJC_ISA_USAGE = YES_ERROR;
				CLANG_WARN_DOCUMENTATION_COMMENTS = YES;
				CLANG_WARN_EMPTY_BODY = YES;
				CLANG_WARN_ENUM_CONVERSION = YES;
				CLANG_WARN_INFINITE_RECURSION = YES;
				CLANG_WARN_INT_CONVERSION = YES;
				CLANG_WARN_OBJC_ROOT_CLASS = YES_ERROR;
				CLANG_WARN_SUSPICIOUS_MOVE = YES;
				CLANG_WARN_UNREACHABLE_CODE = YES;
				CLANG_WARN__DUPLICATE_METHOD_MATCH = YES;
				"CODE_SIGN_IDENTITY[sdk=iphoneos*]" = "iPhone Developer";
				COPY_PHASE_STRIP = NO;
				DEBUG_INFORMATION_FORMAT = "dwarf-with-dsym";
				ENABLE_NS_ASSERTIONS = NO;
				ENABLE_STRICT_OBJC_MSGSEND = YES;
				GCC_C_LANGUAGE_STANDARD = gnu99;
				GCC_NO_COMMON_BLOCKS = YES;
				GCC_WARN_64_TO_32_BIT_CONVERSION = YES;
				GCC_WARN_ABOUT_RETURN_TYPE = YES_ERROR;
				GCC_WARN_UNDECLARED_SELECTOR = YES;
				GCC_WARN_UNINITIALIZED_AUTOS = YES_AGGRESSIVE;
				GCC_WARN_UNUSED_FUNCTION = YES;
				GCC_WARN_UNUSED_VARIABLE = YES;
				IPHONEOS_DEPLOYMENT_TARGET = 10.2;
				MTL_ENABLE_DEBUG_INFO = NO;
				SDKROOT = iphoneos;
				SWIFT_OPTIMIZATION_LEVEL = "-Owholemodule";
				VALIDATE_PRODUCT = YES;
			};
			name = Release;
		};
		756A278A1EAFBA3000B24365 /* Debug */ = {
			isa = XCBuildConfiguration;
			buildSettings = {
				ASSETCATALOG_COMPILER_APPICON_NAME = AppIcon;
				INFOPLIST_FILE = happySp2017/Info.plist;
				LD_RUNPATH_SEARCH_PATHS = "$(inherited) @executable_path/Frameworks";
				PRODUCT_BUNDLE_IDENTIFIER = io.github.gopinathnelluri.happySp2017;
				PRODUCT_NAME = "$(TARGET_NAME)";
				SWIFT_VERSION = 3.0;
			};
			name = Debug;
		};
		756A278B1EAFBA3000B24365 /* Release */ = {
			isa = XCBuildConfiguration;
			buildSettings = {
				ASSETCATALOG_COMPILER_APPICON_NAME = AppIcon;
				INFOPLIST_FILE = happySp2017/Info.plist;
				LD_RUNPATH_SEARCH_PATHS = "$(inherited) @executable_path/Frameworks";
				PRODUCT_BUNDLE_IDENTIFIER = io.github.gopinathnelluri.happySp2017;
				PRODUCT_NAME = "$(TARGET_NAME)";
				SWIFT_VERSION = 3.0;
			};
			name = Release;
		};
/* End XCBuildConfiguration section */

/* Begin XCConfigurationList section */
		756A27721EAFBA3000B24365 /* Build configuration list for PBXProject "happySp2017" */ = {
			isa = XCConfigurationList;
			buildConfigurations = (
				756A27871EAFBA3000B24365 /* Debug */,
				756A27881EAFBA3000B24365 /* Release */,
			);
			defaultConfigurationIsVisible = 0;
			defaultConfigurationName = Release;
		};
		756A27891EAFBA3000B24365 /* Build configuration list for PBXNativeTarget "happySp2017" */ = {
			isa = XCConfigurationList;
			buildConfigurations = (
				756A278A1EAFBA3000B24365 /* Debug */,
				756A278B1EAFBA3000B24365 /* Release */,
			);
			defaultConfigurationIsVisible = 0;
		};
/* End XCConfigurationList section */
	};
	rootObject = 756A276F1EAFBA3000B24365 /* Project object */;
}
