// !$*UTF8*$!
{
	archiveVersion = 1;
	classes = {
	};
	objectVersion = 46;
	objects = {

/* Begin PBXBuildFile section */
		96CC680F1E718EC900B10510 /* AppDelegate.swift in Sources */ = {isa = PBXBuildFile; fileRef = 96CC680E1E718EC900B10510 /* AppDelegate.swift */; };
		96CC68111E718EC900B10510 /* ViewController.swift in Sources */ = {isa = PBXBuildFile; fileRef = 96CC68101E718EC900B10510 /* ViewController.swift */; };
		96CC68141E718EC900B10510 /* Main.storyboard in Resources */ = {isa = PBXBuildFile; fileRef = 96CC68121E718EC900B10510 /* Main.storyboard */; };
		96CC68161E718EC900B10510 /* Assets.xcassets in Resources */ = {isa = PBXBuildFile; fileRef = 96CC68151E718EC900B10510 /* Assets.xcassets */; };
		96CC68191E718EC900B10510 /* LaunchScreen.storyboard in Resources */ = {isa = PBXBuildFile; fileRef = 96CC68171E718EC900B10510 /* LaunchScreen.storyboard */; };
		96CC68211E718FE500B10510 /* ScribleController.swift in Sources */ = {isa = PBXBuildFile; fileRef = 96CC68201E718FE500B10510 /* ScribleController.swift */; };
/* End PBXBuildFile section */

/* Begin PBXFileReference section */
		96CC680B1E718EC900B10510 /* ScribleTest.app */ = {isa = PBXFileReference; explicitFileType = wrapper.application; includeInIndex = 0; path = ScribleTest.app; sourceTree = BUILT_PRODUCTS_DIR; };
		96CC680E1E718EC900B10510 /* AppDelegate.swift */ = {isa = PBXFileReference; lastKnownFileType = sourcecode.swift; path = AppDelegate.swift; sourceTree = "<group>"; };
		96CC68101E718EC900B10510 /* ViewController.swift */ = {isa = PBXFileReference; lastKnownFileType = sourcecode.swift; path = ViewController.swift; sourceTree = "<group>"; };
		96CC68131E718EC900B10510 /* Base */ = {isa = PBXFileReference; lastKnownFileType = file.storyboard; name = Base; path = Base.lproj/Main.storyboard; sourceTree = "<group>"; };
		96CC68151E718EC900B10510 /* Assets.xcassets */ = {isa = PBXFileReference; lastKnownFileType = folder.assetcatalog; path = Assets.xcassets; sourceTree = "<group>"; };
		96CC68181E718EC900B10510 /* Base */ = {isa = PBXFileReference; lastKnownFileType = file.storyboard; name = Base; path = Base.lproj/LaunchScreen.storyboard; sourceTree = "<group>"; };
		96CC681A1E718EC900B10510 /* Info.plist */ = {isa = PBXFileReference; lastKnownFileType = text.plist.xml; path = Info.plist; sourceTree = "<group>"; };
		96CC68201E718FE500B10510 /* ScribleController.swift */ = {isa = PBXFileReference; fileEncoding = 4; lastKnownFileType = sourcecode.swift; path = ScribleController.swift; sourceTree = "<group>"; };
/* End PBXFileReference section */

/* Begin PBXFrameworksBuildPhase section */
		96CC68081E718EC900B10510 /* Frameworks */ = {
			isa = PBXFrameworksBuildPhase;
			buildActionMask = 2147483647;
			files = (
			);
			runOnlyForDeploymentPostprocessing = 0;
		};
/* End PBXFrameworksBuildPhase section */

/* Begin PBXGroup section */
		96CC68021E718EC800B10510 = {
			isa = PBXGroup;
			children = (
				96CC680D1E718EC900B10510 /* ScribleTest */,
				96CC680C1E718EC900B10510 /* Products */,
			);
			sourceTree = "<group>";
		};
		96CC680C1E718EC900B10510 /* Products */ = {
			isa = PBXGroup;
			children = (
				96CC680B1E718EC900B10510 /* ScribleTest.app */,
			);
			name = Products;
			sourceTree = "<group>";
		};
		96CC680D1E718EC900B10510 /* ScribleTest */ = {
			isa = PBXGroup;
			children = (
				96CC680E1E718EC900B10510 /* AppDelegate.swift */,
				96CC68101E718EC900B10510 /* ViewController.swift */,
				96CC68121E718EC900B10510 /* Main.storyboard */,
				96CC68151E718EC900B10510 /* Assets.xcassets */,
				96CC68171E718EC900B10510 /* LaunchScreen.storyboard */,
				96CC681A1E718EC900B10510 /* Info.plist */,
				96CC68201E718FE500B10510 /* ScribleController.swift */,
			);
			path = ScribleTest;
			sourceTree = "<group>";
		};
/* End PBXGroup section */

/* Begin PBXNativeTarget section */
		96CC680A1E718EC900B10510 /* ScribleTest */ = {
			isa = PBXNativeTarget;
			buildConfigurationList = 96CC681D1E718EC900B10510 /* Build configuration list for PBXNativeTarget "ScribleTest" */;
			buildPhases = (
				96CC68071E718EC900B10510 /* Sources */,
				96CC68081E718EC900B10510 /* Frameworks */,
				96CC68091E718EC900B10510 /* Resources */,
			);
			buildRules = (
			);
			dependencies = (
			);
			name = ScribleTest;
			productName = ScribleTest;
			productReference = 96CC680B1E718EC900B10510 /* ScribleTest.app */;
			productType = "com.apple.product-type.application";
		};
/* End PBXNativeTarget section */

/* Begin PBXProject section */
		96CC68031E718EC800B10510 /* Project object */ = {
			isa = PBXProject;
			attributes = {
				LastSwiftUpdateCheck = 0800;
				LastUpgradeCheck = 0800;
				ORGANIZATIONNAME = "Gopinath Nelluri";
				TargetAttributes = {
					96CC680A1E718EC900B10510 = {
						CreatedOnToolsVersion = 8.0;
						ProvisioningStyle = Automatic;
					};
				};
			};
			buildConfigurationList = 96CC68061E718EC800B10510 /* Build configuration list for PBXProject "ScribleTest" */;
			compatibilityVersion = "Xcode 3.2";
			developmentRegion = English;
			hasScannedForEncodings = 0;
			knownRegions = (
				en,
				Base,
			);
			mainGroup = 96CC68021E718EC800B10510;
			productRefGroup = 96CC680C1E718EC900B10510 /* Products */;
			projectDirPath = "";
			projectRoot = "";
			targets = (
				96CC680A1E718EC900B10510 /* ScribleTest */,
			);
		};
/* End PBXProject section */

/* Begin PBXResourcesBuildPhase section */
		96CC68091E718EC900B10510 /* Resources */ = {
			isa = PBXResourcesBuildPhase;
			buildActionMask = 2147483647;
			files = (
				96CC68191E718EC900B10510 /* LaunchScreen.storyboard in Resources */,
				96CC68161E718EC900B10510 /* Assets.xcassets in Resources */,
				96CC68141E718EC900B10510 /* Main.storyboard in Resources */,
			);
			runOnlyForDeploymentPostprocessing = 0;
		};
/* End PBXResourcesBuildPhase section */

/* Begin PBXSourcesBuildPhase section */
		96CC68071E718EC900B10510 /* Sources */ = {
			isa = PBXSourcesBuildPhase;
			buildActionMask = 2147483647;
			files = (
				96CC68111E718EC900B10510 /* ViewController.swift in Sources */,
				96CC680F1E718EC900B10510 /* AppDelegate.swift in Sources */,
				96CC68211E718FE500B10510 /* ScribleController.swift in Sources */,
			);
			runOnlyForDeploymentPostprocessing = 0;
		};
/* End PBXSourcesBuildPhase section */

/* Begin PBXVariantGroup section */
		96CC68121E718EC900B10510 /* Main.storyboard */ = {
			isa = PBXVariantGroup;
			children = (
				96CC68131E718EC900B10510 /* Base */,
			);
			name = Main.storyboard;
			sourceTree = "<group>";
		};
		96CC68171E718EC900B10510 /* LaunchScreen.storyboard */ = {
			isa = PBXVariantGroup;
			children = (
				96CC68181E718EC900B10510 /* Base */,
			);
			name = LaunchScreen.storyboard;
			sourceTree = "<group>";
		};
/* End PBXVariantGroup section */

/* Begin XCBuildConfiguration section */
		96CC681B1E718EC900B10510 /* Debug */ = {
			isa = XCBuildConfiguration;
			buildSettings = {
				ALWAYS_SEARCH_USER_PATHS = NO;
				CLANG_ANALYZER_NONNULL = YES;
				CLANG_CXX_LANGUAGE_STANDARD = "gnu++0x";
				CLANG_CXX_LIBRARY = "libc++";
				CLANG_ENABLE_MODULES = YES;
				CLANG_ENABLE_OBJC_ARC = YES;
				CLANG_WARN_BOOL_CONVERSION = YES;
				CLANG_WARN_CONSTANT_CONVERSION = YES;
				CLANG_WARN_DIRECT_OBJC_ISA_USAGE = YES_ERROR;
				CLANG_WARN_DOCUMENTATION_COMMENTS = YES;
				CLANG_WARN_EMPTY_BODY = YES;
				CLANG_WARN_ENUM_CONVERSION = YES;
				CLANG_WARN_INFINITE_RECURSION = YES;
				CLANG_WARN_INT_CONVERSION = YES;
				CLANG_WARN_OBJC_ROOT_CLASS = YES_ERROR;
				CLANG_WARN_SUSPICIOUS_MOVES = YES;
				CLANG_WARN_UNREACHABLE_CODE = YES;
				CLANG_WARN__DUPLICATE_METHOD_MATCH = YES;
				"CODE_SIGN_IDENTITY[sdk=iphoneos*]" = "iPhone Developer";
				COPY_PHASE_STRIP = NO;
				DEBUG_INFORMATION_FORMAT = dwarf;
				ENABLE_STRICT_OBJC_MSGSEND = YES;
				ENABLE_TESTABILITY = YES;
				GCC_C_LANGUAGE_STANDARD = gnu99;
				GCC_DYNAMIC_NO_PIC = NO;
				GCC_NO_COMMON_BLOCKS = YES;
				GCC_OPTIMIZATION_LEVEL = 0;
				GCC_PREPROCESSOR_DEFINITIONS = (
					"DEBUG=1",
					"$(inherited)",
				);
				GCC_WARN_64_TO_32_BIT_CONVERSION = YES;
				GCC_WARN_ABOUT_RETURN_TYPE = YES_ERROR;
				GCC_WARN_UNDECLARED_SELECTOR = YES;
				GCC_WARN_UNINITIALIZED_AUTOS = YES_AGGRESSIVE;
				GCC_WARN_UNUSED_FUNCTION = YES;
				GCC_WARN_UNUSED_VARIABLE = YES;
				IPHONEOS_DEPLOYMENT_TARGET = 10.0;
				MTL_ENABLE_DEBUG_INFO = YES;
				ONLY_ACTIVE_ARCH = YES;
				SDKROOT = iphoneos;
				SWIFT_ACTIVE_COMPILATION_CONDITIONS = DEBUG;
				SWIFT_OPTIMIZATION_LEVEL = "-Onone";
				TARGETED_DEVICE_FAMILY = "1,2";
			};
			name = Debug;
		};
		96CC681C1E718EC900B10510 /* Release */ = {
			isa = XCBuildConfiguration;
			buildSettings = {
				ALWAYS_SEARCH_USER_PATHS = NO;
				CLANG_ANALYZER_NONNULL = YES;
				CLANG_CXX_LANGUAGE_STANDARD = "gnu++0x";
				CLANG_CXX_LIBRARY = "libc++";
				CLANG_ENABLE_MODULES = YES;
				CLANG_ENABLE_OBJC_ARC = YES;
				CLANG_WARN_BOOL_CONVERSION = YES;
				CLANG_WARN_CONSTANT_CONVERSION = YES;
				CLANG_WARN_DIRECT_OBJC_ISA_USAGE = YES_ERROR;
				CLANG_WARN_DOCUMENTATION_COMMENTS = YES;
				CLANG_WARN_EMPTY_BODY = YES;
				CLANG_WARN_ENUM_CONVERSION = YES;
				CLANG_WARN_INFINITE_RECURSION = YES;
				CLANG_WARN_INT_CONVERSION = YES;
				CLANG_WARN_OBJC_ROOT_CLASS = YES_ERROR;
				CLANG_WARN_SUSPICIOUS_MOVES = YES;
				CLANG_WARN_UNREACHABLE_CODE = YES;
				CLANG_WARN__DUPLICATE_METHOD_MATCH = YES;
				"CODE_SIGN_IDENTITY[sdk=iphoneos*]" = "iPhone Developer";
				COPY_PHASE_STRIP = NO;
				DEBUG_INFORMATION_FORMAT = "dwarf-with-dsym";
				ENABLE_NS_ASSERTIONS = NO;
				ENABLE_STRICT_OBJC_MSGSEND = YES;
				GCC_C_LANGUAGE_STANDARD = gnu99;
				GCC_NO_COMMON_BLOCKS = YES;
				GCC_WARN_64_TO_32_BIT_CONVERSION = YES;
				GCC_WARN_ABOUT_RETURN_TYPE = YES_ERROR;
				GCC_WARN_UNDECLARED_SELECTOR = YES;
				GCC_WARN_UNINITIALIZED_AUTOS = YES_AGGRESSIVE;
				GCC_WARN_UNUSED_FUNCTION = YES;
				GCC_WARN_UNUSED_VARIABLE = YES;
				IPHONEOS_DEPLOYMENT_TARGET = 10.0;
				MTL_ENABLE_DEBUG_INFO = NO;
				SDKROOT = iphoneos;
				SWIFT_OPTIMIZATION_LEVEL = "-Owholemodule";
				TARGETED_DEVICE_FAMILY = "1,2";
				VALIDATE_PRODUCT = YES;
			};
			name = Release;
		};
		96CC681E1E718EC900B10510 /* Debug */ = {
			isa = XCBuildConfiguration;
			buildSettings = {
				ASSETCATALOG_COMPILER_APPICON_NAME = AppIcon;
				INFOPLIST_FILE = ScribleTest/Info.plist;
				LD_RUNPATH_SEARCH_PATHS = "$(inherited) @executable_path/Frameworks";
				PRODUCT_BUNDLE_IDENTIFIER = io.github.gopinathnelluri.ScribleTest;
				PRODUCT_NAME = "$(TARGET_NAME)";
				SWIFT_VERSION = 3.0;
			};
			name = Debug;
		};
		96CC681F1E718EC900B10510 /* Release */ = {
			isa = XCBuildConfiguration;
			buildSettings = {
				ASSETCATALOG_COMPILER_APPICON_NAME = AppIcon;
				INFOPLIST_FILE = ScribleTest/Info.plist;
				LD_RUNPATH_SEARCH_PATHS = "$(inherited) @executable_path/Frameworks";
				PRODUCT_BUNDLE_IDENTIFIER = io.github.gopinathnelluri.ScribleTest;
				PRODUCT_NAME = "$(TARGET_NAME)";
				SWIFT_VERSION = 3.0;
			};
			name = Release;
		};
/* End XCBuildConfiguration section */

/* Begin XCConfigurationList section */
		96CC68061E718EC800B10510 /* Build configuration list for PBXProject "ScribleTest" */ = {
			isa = XCConfigurationList;
			buildConfigurations = (
				96CC681B1E718EC900B10510 /* Debug */,
				96CC681C1E718EC900B10510 /* Release */,
			);
			defaultConfigurationIsVisible = 0;
			defaultConfigurationName = Release;
		};
		96CC681D1E718EC900B10510 /* Build configuration list for PBXNativeTarget "ScribleTest" */ = {
			isa = XCConfigurationList;
			buildConfigurations = (
				96CC681E1E718EC900B10510 /* Debug */,
				96CC681F1E718EC900B10510 /* Release */,
			);
			defaultConfigurationIsVisible = 0;
		};
/* End XCConfigurationList section */
	};
	rootObject = 96CC68031E718EC800B10510 /* Project object */;
}
